// !$*UTF8*$!
{
	archiveVersion = 1;
	classes = {
	};
	objectVersion = 51;
	objects = {

/* Begin PBXBuildFile section */
		D83325F624432E3700BEDEB9 /* main.m in Sources */ = {isa = PBXBuildFile; fileRef = D83325F524432E3700BEDEB9 /* main.m */; };
		D83325F924432E3700BEDEB9 /* AppDelegate.m in Sources */ = {isa = PBXBuildFile; fileRef = D83325F824432E3700BEDEB9 /* AppDelegate.m */; };
		D83325FB24432E3700BEDEB9 /* Test5-prefix.pch in Resources */ = {isa = PBXBuildFile; fileRef = D83325FA24432E3700BEDEB9 /* Test5-prefix.pch */; };
		D83325FE24432E3700BEDEB9 /* ViewController.m in Sources */ = {isa = PBXBuildFile; fileRef = D83325FD24432E3700BEDEB9 /* ViewController.m */; };
		D833260124432E3700BEDEB9 /* Main.storyboard in Resources */ = {isa = PBXBuildFile; fileRef = D83325FF24432E3700BEDEB9 /* Main.storyboard */; };
		D833260324432E3B00BEDEB9 /* Assets.xcassets in Resources */ = {isa = PBXBuildFile; fileRef = D833260224432E3B00BEDEB9 /* Assets.xcassets */; };
		D833260624432E3B00BEDEB9 /* LaunchScreen.storyboard in Resources */ = {isa = PBXBuildFile; fileRef = D833260424432E3B00BEDEB9 /* LaunchScreen.storyboard */; };
		D833261124432E3B00BEDEB9 /* Test5Tests.m in Sources */ = {isa = PBXBuildFile; fileRef = D833261024432E3B00BEDEB9 /* Test5Tests.m */; };
		D833261C24432E3B00BEDEB9 /* Test5UITests.m in Sources */ = {isa = PBXBuildFile; fileRef = D833261B24432E3B00BEDEB9 /* Test5UITests.m */; };
		D833262C24432E8E00BEDEB9 /* Test5.m in Sources */ = {isa = PBXBuildFile; fileRef = D833262B24432E8E00BEDEB9 /* Test5.m */; };
		D833262F24432EC700BEDEB9 /* ccs+Test5.m in Sources */ = {isa = PBXBuildFile; fileRef = D833262E24432EC700BEDEB9 /* ccs+Test5.m */; };
		DA00B804526D298D61381BAB /* libPods-Test5.a in Frameworks */ = {isa = PBXBuildFile; fileRef = 1ED051C7442E1768F735BA12 /* libPods-Test5.a */; };
/* End PBXBuildFile section */

/* Begin PBXContainerItemProxy section */
		D833260D24432E3B00BEDEB9 /* PBXContainerItemProxy */ = {
			isa = PBXContainerItemProxy;
			containerPortal = D83325EA24432E3700BEDEB9 /* Project object */;
			proxyType = 1;
			remoteGlobalIDString = D83325F124432E3700BEDEB9;
			remoteInfo = Test5;
		};
		D833261824432E3B00BEDEB9 /* PBXContainerItemProxy */ = {
			isa = PBXContainerItemProxy;
			containerPortal = D83325EA24432E3700BEDEB9 /* Project object */;
			proxyType = 1;
			remoteGlobalIDString = D83325F124432E3700BEDEB9;
			remoteInfo = Test5;
		};
/* End PBXContainerItemProxy section */

/* Begin PBXFileReference section */
		1ED051C7442E1768F735BA12 /* libPods-Test5.a */ = {isa = PBXFileReference; explicitFileType = archive.ar; includeInIndex = 0; path = "libPods-Test5.a"; sourceTree = BUILT_PRODUCTS_DIR; };
		6D89F6DA948DBAB598FDBC87 /* Pods-Test5.debug.xcconfig */ = {isa = PBXFileReference; includeInIndex = 1; lastKnownFileType = text.xcconfig; name = "Pods-Test5.debug.xcconfig"; path = "Target Support Files/Pods-Test5/Pods-Test5.debug.xcconfig"; sourceTree = "<group>"; };
		B08B14D0A20B70F2588C0CF8 /* Pods-Test5.release.xcconfig */ = {isa = PBXFileReference; includeInIndex = 1; lastKnownFileType = text.xcconfig; name = "Pods-Test5.release.xcconfig"; path = "Target Support Files/Pods-Test5/Pods-Test5.release.xcconfig"; sourceTree = "<group>"; };
		D83325F224432E3700BEDEB9 /* Test5.app */ = {isa = PBXFileReference; explicitFileType = wrapper.application; includeInIndex = 0; path = Test5.app; sourceTree = BUILT_PRODUCTS_DIR; };
		D83325F524432E3700BEDEB9 /* main.m */ = {isa = PBXFileReference; lastKnownFileType = sourcecode.c.objc; path = main.m; sourceTree = "<group>"; };
		D83325F724432E3700BEDEB9 /* AppDelegate.h */ = {isa = PBXFileReference; lastKnownFileType = sourcecode.c.h; path = AppDelegate.h; sourceTree = "<group>"; };
		D83325F824432E3700BEDEB9 /* AppDelegate.m */ = {isa = PBXFileReference; lastKnownFileType = sourcecode.c.objc; path = AppDelegate.m; sourceTree = "<group>"; };
		D83325FA24432E3700BEDEB9 /* Test5-prefix.pch */ = {isa = PBXFileReference; lastKnownFileType = sourcecode.c.h; path = "Test5-prefix.pch"; sourceTree = "<group>"; };
		D83325FC24432E3700BEDEB9 /* ViewController.h */ = {isa = PBXFileReference; lastKnownFileType = sourcecode.c.h; path = ViewController.h; sourceTree = "<group>"; };
		D83325FD24432E3700BEDEB9 /* ViewController.m */ = {isa = PBXFileReference; lastKnownFileType = sourcecode.c.objc; path = ViewController.m; sourceTree = "<group>"; };
		D833260024432E3700BEDEB9 /* Base */ = {isa = PBXFileReference; lastKnownFileType = file.storyboard; name = Base; path = Base.lproj/Main.storyboard; sourceTree = "<group>"; };
		D833260224432E3B00BEDEB9 /* Assets.xcassets */ = {isa = PBXFileReference; lastKnownFileType = folder.assetcatalog; path = Assets.xcassets; sourceTree = "<group>"; };
		D833260524432E3B00BEDEB9 /* Base */ = {isa = PBXFileReference; lastKnownFileType = file.storyboard; name = Base; path = Base.lproj/LaunchScreen.storyboard; sourceTree = "<group>"; };
		D833260724432E3B00BEDEB9 /* Info.plist */ = {isa = PBXFileReference; lastKnownFileType = text.plist.xml; path = Info.plist; sourceTree = "<group>"; };
		D833260C24432E3B00BEDEB9 /* Test5Tests.xctest */ = {isa = PBXFileReference; explicitFileType = wrapper.cfbundle; includeInIndex = 0; path = Test5Tests.xctest; sourceTree = BUILT_PRODUCTS_DIR; };
		D833261024432E3B00BEDEB9 /* Test5Tests.m */ = {isa = PBXFileReference; lastKnownFileType = sourcecode.c.objc; path = Test5Tests.m; sourceTree = "<group>"; };
		D833261224432E3B00BEDEB9 /* Info.plist */ = {isa = PBXFileReference; lastKnownFileType = text.plist.xml; path = Info.plist; sourceTree = "<group>"; };
		D833261724432E3B00BEDEB9 /* Test5UITests.xctest */ = {isa = PBXFileReference; explicitFileType = wrapper.cfbundle; includeInIndex = 0; path = Test5UITests.xctest; sourceTree = BUILT_PRODUCTS_DIR; };
		D833261B24432E3B00BEDEB9 /* Test5UITests.m */ = {isa = PBXFileReference; lastKnownFileType = sourcecode.c.objc; path = Test5UITests.m; sourceTree = "<group>"; };
		D833261D24432E3B00BEDEB9 /* Info.plist */ = {isa = PBXFileReference; lastKnownFileType = text.plist.xml; path = Info.plist; sourceTree = "<group>"; };
		D833262A24432E8E00BEDEB9 /* Test5.h */ = {isa = PBXFileReference; lastKnownFileType = sourcecode.c.h; path = Test5.h; sourceTree = "<group>"; };
		D833262B24432E8E00BEDEB9 /* Test5.m */ = {isa = PBXFileReference; lastKnownFileType = sourcecode.c.objc; path = Test5.m; sourceTree = "<group>"; };
		D833262D24432EC700BEDEB9 /* ccs+Test5.h */ = {isa = PBXFileReference; lastKnownFileType = sourcecode.c.h; path = "ccs+Test5.h"; sourceTree = "<group>"; };
		D833262E24432EC700BEDEB9 /* ccs+Test5.m */ = {isa = PBXFileReference; lastKnownFileType = sourcecode.c.objc; path = "ccs+Test5.m"; sourceTree = "<group>"; };
/* End PBXFileReference section */

/* Begin PBXFrameworksBuildPhase section */
		D83325EF24432E3700BEDEB9 /* Frameworks */ = {
			isa = PBXFrameworksBuildPhase;
			buildActionMask = 2147483647;
			files = (
				DA00B804526D298D61381BAB /* libPods-Test5.a in Frameworks */,
			);
			runOnlyForDeploymentPostprocessing = 0;
		};
		D833260924432E3B00BEDEB9 /* Frameworks */ = {
			isa = PBXFrameworksBuildPhase;
			buildActionMask = 2147483647;
			files = (
			);
			runOnlyForDeploymentPostprocessing = 0;
		};
		D833261424432E3B00BEDEB9 /* Frameworks */ = {
			isa = PBXFrameworksBuildPhase;
			buildActionMask = 2147483647;
			files = (
			);
			runOnlyForDeploymentPostprocessing = 0;
		};
/* End PBXFrameworksBuildPhase section */

/* Begin PBXGroup section */
		8076A80C1BCB7DD806B06749 /* Frameworks */ = {
			isa = PBXGroup;
			children = (
				1ED051C7442E1768F735BA12 /* libPods-Test5.a */,
			);
			name = Frameworks;
			sourceTree = "<group>";
		};
		9F5EB72DD515791A03458ED7 /* Pods */ = {
			isa = PBXGroup;
			children = (
				6D89F6DA948DBAB598FDBC87 /* Pods-Test5.debug.xcconfig */,
				B08B14D0A20B70F2588C0CF8 /* Pods-Test5.release.xcconfig */,
			);
			path = Pods;
			sourceTree = "<group>";
		};
		D83325E924432E3700BEDEB9 = {
			isa = PBXGroup;
			children = (
				D83325F424432E3700BEDEB9 /* Test5 */,
				D833260F24432E3B00BEDEB9 /* Test5Tests */,
				D833261A24432E3B00BEDEB9 /* Test5UITests */,
				D83325F324432E3700BEDEB9 /* Products */,
				9F5EB72DD515791A03458ED7 /* Pods */,
				8076A80C1BCB7DD806B06749 /* Frameworks */,
			);
			sourceTree = "<group>";
		};
		D83325F324432E3700BEDEB9 /* Products */ = {
			isa = PBXGroup;
			children = (
				D83325F224432E3700BEDEB9 /* Test5.app */,
				D833260C24432E3B00BEDEB9 /* Test5Tests.xctest */,
				D833261724432E3B00BEDEB9 /* Test5UITests.xctest */,
			);
			name = Products;
			sourceTree = "<group>";
		};
		D83325F424432E3700BEDEB9 /* Test5 */ = {
			isa = PBXGroup;
			children = (
				D83325F524432E3700BEDEB9 /* main.m */,
				D83325F724432E3700BEDEB9 /* AppDelegate.h */,
				D83325F824432E3700BEDEB9 /* AppDelegate.m */,
				D83325FA24432E3700BEDEB9 /* Test5-prefix.pch */,
				D833262924432E7800BEDEB9 /* Test5 */,
				D83325FC24432E3700BEDEB9 /* ViewController.h */,
				D83325FD24432E3700BEDEB9 /* ViewController.m */,
				D83325FF24432E3700BEDEB9 /* Main.storyboard */,
				D833260224432E3B00BEDEB9 /* Assets.xcassets */,
				D833260424432E3B00BEDEB9 /* LaunchScreen.storyboard */,
				D833260724432E3B00BEDEB9 /* Info.plist */,
			);
			path = Test5;
			sourceTree = "<group>";
		};
		D833260F24432E3B00BEDEB9 /* Test5Tests */ = {
			isa = PBXGroup;
			children = (
				D833261024432E3B00BEDEB9 /* Test5Tests.m */,
				D833261224432E3B00BEDEB9 /* Info.plist */,
			);
			path = Test5Tests;
			sourceTree = "<group>";
		};
		D833261A24432E3B00BEDEB9 /* Test5UITests */ = {
			isa = PBXGroup;
			children = (
				D833261B24432E3B00BEDEB9 /* Test5UITests.m */,
				D833261D24432E3B00BEDEB9 /* Info.plist */,
			);
			path = Test5UITests;
			sourceTree = "<group>";
		};
		D833262924432E7800BEDEB9 /* Test5 */ = {
			isa = PBXGroup;
			children = (
				D833262D24432EC700BEDEB9 /* ccs+Test5.h */,
				D833262E24432EC700BEDEB9 /* ccs+Test5.m */,
				D833262A24432E8E00BEDEB9 /* Test5.h */,
				D833262B24432E8E00BEDEB9 /* Test5.m */,
			);
			path = Test5;
			sourceTree = "<group>";
		};
/* End PBXGroup section */

/* Begin PBXNativeTarget section */
		D83325F124432E3700BEDEB9 /* Test5 */ = {
			isa = PBXNativeTarget;
			buildConfigurationList = D833262024432E3B00BEDEB9 /* Build configuration list for PBXNativeTarget "Test5" */;
			buildPhases = (
				FD82EF50E26DB118D9BBEF4F /* [CP] Check Pods Manifest.lock */,
				D83325EE24432E3700BEDEB9 /* Sources */,
				D83325EF24432E3700BEDEB9 /* Frameworks */,
				D83325F024432E3700BEDEB9 /* Resources */,
				78D688AF1AD12C6F7655730E /* [CP] Copy Pods Resources */,
			);
			buildRules = (
			);
			dependencies = (
			);
			name = Test5;
			productName = Test5;
			productReference = D83325F224432E3700BEDEB9 /* Test5.app */;
			productType = "com.apple.product-type.application";
		};
		D833260B24432E3B00BEDEB9 /* Test5Tests */ = {
			isa = PBXNativeTarget;
			buildConfigurationList = D833262324432E3B00BEDEB9 /* Build configuration list for PBXNativeTarget "Test5Tests" */;
			buildPhases = (
				D833260824432E3B00BEDEB9 /* Sources */,
				D833260924432E3B00BEDEB9 /* Frameworks */,
				D833260A24432E3B00BEDEB9 /* Resources */,
			);
			buildRules = (
			);
			dependencies = (
				D833260E24432E3B00BEDEB9 /* PBXTargetDependency */,
			);
			name = Test5Tests;
			productName = Test5Tests;
			productReference = D833260C24432E3B00BEDEB9 /* Test5Tests.xctest */;
			productType = "com.apple.product-type.bundle.unit-test";
		};
		D833261624432E3B00BEDEB9 /* Test5UITests */ = {
			isa = PBXNativeTarget;
			buildConfigurationList = D833262624432E3B00BEDEB9 /* Build configuration list for PBXNativeTarget "Test5UITests" */;
			buildPhases = (
				D833261324432E3B00BEDEB9 /* Sources */,
				D833261424432E3B00BEDEB9 /* Frameworks */,
				D833261524432E3B00BEDEB9 /* Resources */,
			);
			buildRules = (
			);
			dependencies = (
				D833261924432E3B00BEDEB9 /* PBXTargetDependency */,
			);
			name = Test5UITests;
			productName = Test5UITests;
			productReference = D833261724432E3B00BEDEB9 /* Test5UITests.xctest */;
			productType = "com.apple.product-type.bundle.ui-testing";
		};
/* End PBXNativeTarget section */

/* Begin PBXProject section */
		D83325EA24432E3700BEDEB9 /* Project object */ = {
			isa = PBXProject;
			attributes = {
				LastUpgradeCheck = 1130;
				ORGANIZATIONNAME = gwh;
				TargetAttributes = {
					D83325F124432E3700BEDEB9 = {
						CreatedOnToolsVersion = 11.3.1;
					};
					D833260B24432E3B00BEDEB9 = {
						CreatedOnToolsVersion = 11.3.1;
						TestTargetID = D83325F124432E3700BEDEB9;
					};
					D833261624432E3B00BEDEB9 = {
						CreatedOnToolsVersion = 11.3.1;
						TestTargetID = D83325F124432E3700BEDEB9;
					};
				};
			};
			buildConfigurationList = D83325ED24432E3700BEDEB9 /* Build configuration list for PBXProject "Test5" */;
			compatibilityVersion = "Xcode 9.3";
			developmentRegion = en;
			hasScannedForEncodings = 0;
			knownRegions = (
				en,
				Base,
			);
			mainGroup = D83325E924432E3700BEDEB9;
			productRefGroup = D83325F324432E3700BEDEB9 /* Products */;
			projectDirPath = "";
			projectRoot = "";
			targets = (
				D83325F124432E3700BEDEB9 /* Test5 */,
				D833260B24432E3B00BEDEB9 /* Test5Tests */,
				D833261624432E3B00BEDEB9 /* Test5UITests */,
			);
		};
/* End PBXProject section */

/* Begin PBXResourcesBuildPhase section */
		D83325F024432E3700BEDEB9 /* Resources */ = {
			isa = PBXResourcesBuildPhase;
			buildActionMask = 2147483647;
			files = (
				D83325FB24432E3700BEDEB9 /* Test5-prefix.pch in Resources */,
				D833260624432E3B00BEDEB9 /* LaunchScreen.storyboard in Resources */,
				D833260324432E3B00BEDEB9 /* Assets.xcassets in Resources */,
				D833260124432E3700BEDEB9 /* Main.storyboard in Resources */,
			);
			runOnlyForDeploymentPostprocessing = 0;
		};
		D833260A24432E3B00BEDEB9 /* Resources */ = {
			isa = PBXResourcesBuildPhase;
			buildActionMask = 2147483647;
			files = (
			);
			runOnlyForDeploymentPostprocessing = 0;
		};
		D833261524432E3B00BEDEB9 /* Resources */ = {
			isa = PBXResourcesBuildPhase;
			buildActionMask = 2147483647;
			files = (
			);
			runOnlyForDeploymentPostprocessing = 0;
		};
/* End PBXResourcesBuildPhase section */

/* Begin PBXShellScriptBuildPhase section */
		78D688AF1AD12C6F7655730E /* [CP] Copy Pods Resources */ = {
			isa = PBXShellScriptBuildPhase;
			buildActionMask = 2147483647;
			files = (
			);
			inputFileListPaths = (
				"${PODS_ROOT}/Target Support Files/Pods-Test5/Pods-Test5-resources-${CONFIGURATION}-input-files.xcfilelist",
			);
			name = "[CP] Copy Pods Resources";
			outputFileListPaths = (
				"${PODS_ROOT}/Target Support Files/Pods-Test5/Pods-Test5-resources-${CONFIGURATION}-output-files.xcfilelist",
			);
			runOnlyForDeploymentPostprocessing = 0;
			shellPath = /bin/sh;
			shellScript = "\"${PODS_ROOT}/Target Support Files/Pods-Test5/Pods-Test5-resources.sh\"\n";
			showEnvVarsInLog = 0;
		};
		FD82EF50E26DB118D9BBEF4F /* [CP] Check Pods Manifest.lock */ = {
			isa = PBXShellScriptBuildPhase;
			buildActionMask = 2147483647;
			files = (
			);
			inputFileListPaths = (
			);
			inputPaths = (
				"${PODS_PODFILE_DIR_PATH}/Podfile.lock",
				"${PODS_ROOT}/Manifest.lock",
			);
			name = "[CP] Check Pods Manifest.lock";
			outputFileListPaths = (
			);
			outputPaths = (
				"$(DERIVED_FILE_DIR)/Pods-Test5-checkManifestLockResult.txt",
			);
			runOnlyForDeploymentPostprocessing = 0;
			shellPath = /bin/sh;
			shellScript = "diff \"${PODS_PODFILE_DIR_PATH}/Podfile.lock\" \"${PODS_ROOT}/Manifest.lock\" > /dev/null\nif [ $? != 0 ] ; then\n    # print error to STDERR\n    echo \"error: The sandbox is not in sync with the Podfile.lock. Run 'pod install' or update your CocoaPods installation.\" >&2\n    exit 1\nfi\n# This output is used by Xcode 'outputs' to avoid re-running this script phase.\necho \"SUCCESS\" > \"${SCRIPT_OUTPUT_FILE_0}\"\n";
			showEnvVarsInLog = 0;
		};
/* End PBXShellScriptBuildPhase section */

/* Begin PBXSourcesBuildPhase section */
		D83325EE24432E3700BEDEB9 /* Sources */ = {
			isa = PBXSourcesBuildPhase;
			buildActionMask = 2147483647;
			files = (
				D83325FE24432E3700BEDEB9 /* ViewController.m in Sources */,
				D83325F924432E3700BEDEB9 /* AppDelegate.m in Sources */,
				D833262F24432EC700BEDEB9 /* ccs+Test5.m in Sources */,
				D83325F624432E3700BEDEB9 /* main.m in Sources */,
				D833262C24432E8E00BEDEB9 /* Test5.m in Sources */,
			);
			runOnlyForDeploymentPostprocessing = 0;
		};
		D833260824432E3B00BEDEB9 /* Sources */ = {
			isa = PBXSourcesBuildPhase;
			buildActionMask = 2147483647;
			files = (
				D833261124432E3B00BEDEB9 /* Test5Tests.m in Sources */,
			);
			runOnlyForDeploymentPostprocessing = 0;
		};
		D833261324432E3B00BEDEB9 /* Sources */ = {
			isa = PBXSourcesBuildPhase;
			buildActionMask = 2147483647;
			files = (
				D833261C24432E3B00BEDEB9 /* Test5UITests.m in Sources */,
			);
			runOnlyForDeploymentPostprocessing = 0;
		};
/* End PBXSourcesBuildPhase section */

/* Begin PBXTargetDependency section */
		D833260E24432E3B00BEDEB9 /* PBXTargetDependency */ = {
			isa = PBXTargetDependency;
			target = D83325F124432E3700BEDEB9 /* Test5 */;
			targetProxy = D833260D24432E3B00BEDEB9 /* PBXContainerItemProxy */;
		};
		D833261924432E3B00BEDEB9 /* PBXTargetDependency */ = {
			isa = PBXTargetDependency;
			target = D83325F124432E3700BEDEB9 /* Test5 */;
			targetProxy = D833261824432E3B00BEDEB9 /* PBXContainerItemProxy */;
		};
/* End PBXTargetDependency section */

/* Begin PBXVariantGroup section */
		D83325FF24432E3700BEDEB9 /* Main.storyboard */ = {
			isa = PBXVariantGroup;
			children = (
				D833260024432E3700BEDEB9 /* Base */,
			);
			name = Main.storyboard;
			sourceTree = "<group>";
		};
		D833260424432E3B00BEDEB9 /* LaunchScreen.storyboard */ = {
			isa = PBXVariantGroup;
			children = (
				D833260524432E3B00BEDEB9 /* Base */,
			);
			name = LaunchScreen.storyboard;
			sourceTree = "<group>";
		};
/* End PBXVariantGroup section */

/* Begin XCBuildConfiguration section */
		D833261E24432E3B00BEDEB9 /* Debug */ = {
			isa = XCBuildConfiguration;
			buildSettings = {
				ALWAYS_SEARCH_USER_PATHS = NO;
				CLANG_ANALYZER_NONNULL = YES;
				CLANG_ANALYZER_NUMBER_OBJECT_CONVERSION = YES_AGGRESSIVE;
				CLANG_CXX_LANGUAGE_STANDARD = "gnu++14";
				CLANG_CXX_LIBRARY = "libc++";
				CLANG_ENABLE_MODULES = YES;
				CLANG_ENABLE_OBJC_ARC = YES;
				CLANG_ENABLE_OBJC_WEAK = YES;
				CLANG_WARN_BLOCK_CAPTURE_AUTORELEASING = YES;
				CLANG_WARN_BOOL_CONVERSION = YES;
				CLANG_WARN_COMMA = YES;
				CLANG_WARN_CONSTANT_CONVERSION = YES;
				CLANG_WARN_DEPRECATED_OBJC_IMPLEMENTATIONS = YES;
				CLANG_WARN_DIRECT_OBJC_ISA_USAGE = YES_ERROR;
				CLANG_WARN_DOCUMENTATION_COMMENTS = YES;
				CLANG_WARN_EMPTY_BODY = YES;
				CLANG_WARN_ENUM_CONVERSION = YES;
				CLANG_WARN_INFINITE_RECURSION = YES;
				CLANG_WARN_INT_CONVERSION = YES;
				CLANG_WARN_NON_LITERAL_NULL_CONVERSION = YES;
				CLANG_WARN_OBJC_IMPLICIT_RETAIN_SELF = YES;
				CLANG_WARN_OBJC_LITERAL_CONVERSION = YES;
				CLANG_WARN_OBJC_ROOT_CLASS = YES_ERROR;
				CLANG_WARN_RANGE_LOOP_ANALYSIS = YES;
				CLANG_WARN_STRICT_PROTOTYPES = YES;
				CLANG_WARN_SUSPICIOUS_MOVE = YES;
				CLANG_WARN_UNGUARDED_AVAILABILITY = YES_AGGRESSIVE;
				CLANG_WARN_UNREACHABLE_CODE = YES;
				CLANG_WARN__DUPLICATE_METHOD_MATCH = YES;
				COPY_PHASE_STRIP = NO;
				DEBUG_INFORMATION_FORMAT = dwarf;
				ENABLE_STRICT_OBJC_MSGSEND = YES;
				ENABLE_TESTABILITY = YES;
				GCC_C_LANGUAGE_STANDARD = gnu11;
				GCC_DYNAMIC_NO_PIC = NO;
				GCC_NO_COMMON_BLOCKS = YES;
				GCC_OPTIMIZATION_LEVEL = 0;
				GCC_PREPROCESSOR_DEFINITIONS = (
					"DEBUG=1",
					"$(inherited)",
				);
				GCC_WARN_64_TO_32_BIT_CONVERSION = YES;
				GCC_WARN_ABOUT_RETURN_TYPE = YES_ERROR;
				GCC_WARN_UNDECLARED_SELECTOR = YES;
				GCC_WARN_UNINITIALIZED_AUTOS = YES_AGGRESSIVE;
				GCC_WARN_UNUSED_FUNCTION = YES;
				GCC_WARN_UNUSED_VARIABLE = YES;
				IPHONEOS_DEPLOYMENT_TARGET = 13.2;
				MTL_ENABLE_DEBUG_INFO = INCLUDE_SOURCE;
				MTL_FAST_MATH = YES;
				ONLY_ACTIVE_ARCH = YES;
				SDKROOT = iphoneos;
			};
			name = Debug;
		};
		D833261F24432E3B00BEDEB9 /* Release */ = {
			isa = XCBuildConfiguration;
			buildSettings = {
				ALWAYS_SEARCH_USER_PATHS = NO;
				CLANG_ANALYZER_NONNULL = YES;
				CLANG_ANALYZER_NUMBER_OBJECT_CONVERSION = YES_AGGRESSIVE;
				CLANG_CXX_LANGUAGE_STANDARD = "gnu++14";
				CLANG_CXX_LIBRARY = "libc++";
				CLANG_ENABLE_MODULES = YES;
				CLANG_ENABLE_OBJC_ARC = YES;
				CLANG_ENABLE_OBJC_WEAK = YES;
				CLANG_WARN_BLOCK_CAPTURE_AUTORELEASING = YES;
				CLANG_WARN_BOOL_CONVERSION = YES;
				CLANG_WARN_COMMA = YES;
				CLANG_WARN_CONSTANT_CONVERSION = YES;
				CLANG_WARN_DEPRECATED_OBJC_IMPLEMENTATIONS = YES;
				CLANG_WARN_DIRECT_OBJC_ISA_USAGE = YES_ERROR;
				CLANG_WARN_DOCUMENTATION_COMMENTS = YES;
				CLANG_WARN_EMPTY_BODY = YES;
				CLANG_WARN_ENUM_CONVERSION = YES;
				CLANG_WARN_INFINITE_RECURSION = YES;
				CLANG_WARN_INT_CONVERSION = YES;
				CLANG_WARN_NON_LITERAL_NULL_CONVERSION = YES;
				CLANG_WARN_OBJC_IMPLICIT_RETAIN_SELF = YES;
				CLANG_WARN_OBJC_LITERAL_CONVERSION = YES;
				CLANG_WARN_OBJC_ROOT_CLASS = YES_ERROR;
				CLANG_WARN_RANGE_LOOP_ANALYSIS = YES;
				CLANG_WARN_STRICT_PROTOTYPES = YES;
				CLANG_WARN_SUSPICIOUS_MOVE = YES;
				CLANG_WARN_UNGUARDED_AVAILABILITY = YES_AGGRESSIVE;
				CLANG_WARN_UNREACHABLE_CODE = YES;
				CLANG_WARN__DUPLICATE_METHOD_MATCH = YES;
				COPY_PHASE_STRIP = NO;
				DEBUG_INFORMATION_FORMAT = "dwarf-with-dsym";
				ENABLE_NS_ASSERTIONS = NO;
				ENABLE_STRICT_OBJC_MSGSEND = YES;
				GCC_C_LANGUAGE_STANDARD = gnu11;
				GCC_NO_COMMON_BLOCKS = YES;
				GCC_WARN_64_TO_32_BIT_CONVERSION = YES;
				GCC_WARN_ABOUT_RETURN_TYPE = YES_ERROR;
				GCC_WARN_UNDECLARED_SELECTOR = YES;
				GCC_WARN_UNINITIALIZED_AUTOS = YES_AGGRESSIVE;
				GCC_WARN_UNUSED_FUNCTION = YES;
				GCC_WARN_UNUSED_VARIABLE = YES;
				IPHONEOS_DEPLOYMENT_TARGET = 13.2;
				MTL_ENABLE_DEBUG_INFO = NO;
				MTL_FAST_MATH = YES;
				SDKROOT = iphoneos;
				VALIDATE_PRODUCT = YES;
			};
			name = Release;
		};
		D833262124432E3B00BEDEB9 /* Debug */ = {
			isa = XCBuildConfiguration;
			baseConfigurationReference = 6D89F6DA948DBAB598FDBC87 /* Pods-Test5.debug.xcconfig */;
			buildSettings = {
				ASSETCATALOG_COMPILER_APPICON_NAME = AppIcon;
				CODE_SIGN_STYLE = Automatic;
				INFOPLIST_FILE = Test5/Info.plist;
				LD_RUNPATH_SEARCH_PATHS = (
					"$(inherited)",
					"@executable_path/Frameworks",
				);
				PRODUCT_BUNDLE_IDENTIFIER = gwh.Test5;
				PRODUCT_NAME = "$(TARGET_NAME)";
				TARGETED_DEVICE_FAMILY = "1,2";
			};
			name = Debug;
		};
		D833262224432E3B00BEDEB9 /* Release */ = {
			isa = XCBuildConfiguration;
			baseConfigurationReference = B08B14D0A20B70F2588C0CF8 /* Pods-Test5.release.xcconfig */;
			buildSettings = {
				ASSETCATALOG_COMPILER_APPICON_NAME = AppIcon;
				CODE_SIGN_STYLE = Automatic;
				INFOPLIST_FILE = Test5/Info.plist;
				LD_RUNPATH_SEARCH_PATHS = (
					"$(inherited)",
					"@executable_path/Frameworks",
				);
				PRODUCT_BUNDLE_IDENTIFIER = gwh.Test5;
				PRODUCT_NAME = "$(TARGET_NAME)";
				TARGETED_DEVICE_FAMILY = "1,2";
			};
			name = Release;
		};
		D833262424432E3B00BEDEB9 /* Debug */ = {
			isa = XCBuildConfiguration;
			buildSettings = {
				BUNDLE_LOADER = "$(TEST_HOST)";
				CODE_SIGN_STYLE = Automatic;
				INFOPLIST_FILE = Test5Tests/Info.plist;
				IPHONEOS_DEPLOYMENT_TARGET = 13.2;
				LD_RUNPATH_SEARCH_PATHS = (
					"$(inherited)",
					"@executable_path/Frameworks",
					"@loader_path/Frameworks",
				);
				PRODUCT_BUNDLE_IDENTIFIER = gwh.Test5Tests;
				PRODUCT_NAME = "$(TARGET_NAME)";
				TARGETED_DEVICE_FAMILY = "1,2";
				TEST_HOST = "$(BUILT_PRODUCTS_DIR)/Test5.app/Test5";
			};
			name = Debug;
		};
		D833262524432E3B00BEDEB9 /* Release */ = {
			isa = XCBuildConfiguration;
			buildSettings = {
				BUNDLE_LOADER = "$(TEST_HOST)";
				CODE_SIGN_STYLE = Automatic;
				INFOPLIST_FILE = Test5Tests/Info.plist;
				IPHONEOS_DEPLOYMENT_TARGET = 13.2;
				LD_RUNPATH_SEARCH_PATHS = (
					"$(inherited)",
					"@executable_path/Frameworks",
					"@loader_path/Frameworks",
				);
				PRODUCT_BUNDLE_IDENTIFIER = gwh.Test5Tests;
				PRODUCT_NAME = "$(TARGET_NAME)";
				TARGETED_DEVICE_FAMILY = "1,2";
				TEST_HOST = "$(BUILT_PRODUCTS_DIR)/Test5.app/Test5";
			};
			name = Release;
		};
		D833262724432E3B00BEDEB9 /* Debug */ = {
			isa = XCBuildConfiguration;
			buildSettings = {
				CODE_SIGN_STYLE = Automatic;
				INFOPLIST_FILE = Test5UITests/Info.plist;
				LD_RUNPATH_SEARCH_PATHS = (
					"$(inherited)",
					"@executable_path/Frameworks",
					"@loader_path/Frameworks",
				);
				PRODUCT_BUNDLE_IDENTIFIER = gwh.Test5UITests;
				PRODUCT_NAME = "$(TARGET_NAME)";
				TARGETED_DEVICE_FAMILY = "1,2";
				TEST_TARGET_NAME = Test5;
			};
			name = Debug;
		};
		D833262824432E3B00BEDEB9 /* Release */ = {
			isa = XCBuildConfiguration;
			buildSettings = {
				CODE_SIGN_STYLE = Automatic;
				INFOPLIST_FILE = Test5UITests/Info.plist;
				LD_RUNPATH_SEARCH_PATHS = (
					"$(inherited)",
					"@executable_path/Frameworks",
					"@loader_path/Frameworks",
				);
				PRODUCT_BUNDLE_IDENTIFIER = gwh.Test5UITests;
				PRODUCT_NAME = "$(TARGET_NAME)";
				TARGETED_DEVICE_FAMILY = "1,2";
				TEST_TARGET_NAME = Test5;
			};
			name = Release;
		};
/* End XCBuildConfiguration section */

/* Begin XCConfigurationList section */
		D83325ED24432E3700BEDEB9 /* Build configuration list for PBXProject "Test5" */ = {
			isa = XCConfigurationList;
			buildConfigurations = (
				D833261E24432E3B00BEDEB9 /* Debug */,
				D833261F24432E3B00BEDEB9 /* Release */,
			);
			defaultConfigurationIsVisible = 0;
			defaultConfigurationName = Release;
		};
		D833262024432E3B00BEDEB9 /* Build configuration list for PBXNativeTarget "Test5" */ = {
			isa = XCConfigurationList;
			buildConfigurations = (
				D833262124432E3B00BEDEB9 /* Debug */,
				D833262224432E3B00BEDEB9 /* Release */,
			);
			defaultConfigurationIsVisible = 0;
			defaultConfigurationName = Release;
		};
		D833262324432E3B00BEDEB9 /* Build configuration list for PBXNativeTarget "Test5Tests" */ = {
			isa = XCConfigurationList;
			buildConfigurations = (
				D833262424432E3B00BEDEB9 /* Debug */,
				D833262524432E3B00BEDEB9 /* Release */,
			);
			defaultConfigurationIsVisible = 0;
			defaultConfigurationName = Release;
		};
		D833262624432E3B00BEDEB9 /* Build configuration list for PBXNativeTarget "Test5UITests" */ = {
			isa = XCConfigurationList;
			buildConfigurations = (
				D833262724432E3B00BEDEB9 /* Debug */,
				D833262824432E3B00BEDEB9 /* Release */,
			);
			defaultConfigurationIsVisible = 0;
			defaultConfigurationName = Release;
		};
/* End XCConfigurationList section */
	};
	rootObject = D83325EA24432E3700BEDEB9 /* Project object */;
}
