PODS:
  - bench_ios (2.2.3):
    - bench_ios/C (= 2.2.3)
    - bench_ios/CC_CoreFoundation (= 2.2.3)
    - bench_ios/CC_Foundation (= 2.2.3)
    - bench_ios/CC_Kit (= 2.2.3)
    - bench_ios/CC_Lib (= 2.2.3)
    - bench_ios/CC_Objects (= 2.2.3)
    - bench_ios/debugPlugin (= 2.2.3)
  - bench_ios/C (2.2.3)
  - bench_ios/CC_CoreFoundation (2.2.3)
  - bench_ios/CC_Foundation (2.2.3)
  - bench_ios/CC_Kit (2.2.3)
  - bench_ios/CC_Lib (2.2.3)
  - bench_ios/CC_Objects (2.2.3)
  - bench_ios/debugPlugin (2.2.3)

DEPENDENCIES:
  - bench_ios (from `https://huored.gicp.net:8088/svn/bench_ios/trunk/bench_ios_net/bench_ios`)

EXTERNAL SOURCES:
  bench_ios:
    :svn: https://huored.gicp.net:8088/svn/bench_ios/trunk/bench_ios_net/bench_ios

CHECKOUT OPTIONS:
  bench_ios:
    :revision: '1653'
    :svn: https://huored.gicp.net:8088/svn/bench_ios/trunk/bench_ios_net/bench_ios

SPEC CHECKSUMS:
  bench_ios: 68d0819e559d2fcfbdfde0d0f0956a24e8dbf139

PODFILE CHECKSUM: 5d4ba8c29f3ee981e6a0f1d537a965196e3bd80d

COCOAPODS: 1.9.1
